
Microsoft Visual Studio Solution File, Format Version 12.00
# Visual Studio Version 16
VisualStudioVersion = 16.0.30804.86
MinimumVisualStudioVersion = 10.0.40219.1
Project("{FAE04EC0-301F-11D3-BF4B-00C04F79EFBC}") = "StructuredEntityGenerator", "StructuredEntityGenerator\StructuredEntityGenerator.csproj", "{CA4BA1B2-AAC4-4A34-8F4D-5169D5B397C4}"
EndProject
Project("{FAE04EC0-301F-11D3-BF4B-00C04F79EFBC}") = "SampleUsage", "SampleUsage\SampleUsage.csproj", "{CBE1C65F-37FC-432A-92D0-222693351000}"
EndProject
Global
	GlobalSection(SolutionConfigurationPlatforms) = preSolution
		Debug|Any CPU = Debug|Any CPU
		Release|Any CPU = Release|Any CPU
	EndGlobalSection
	GlobalSection(ProjectConfigurationPlatforms) = postSolution
		{CA4BA1B2-AAC4-4A34-8F4D-5169D5B397C4}.Debug|Any CPU.ActiveCfg = Debug|Any CPU
		{CA4BA1B2-AAC4-4A34-8F4D-5169D5B397C4}.Debug|Any CPU.Build.0 = Debug|Any CPU
		{CA4BA1B2-AAC4-4A34-8F4D-5169D5B397C4}.Release|Any CPU.ActiveCfg = Release|Any CPU
		{CA4BA1B2-AAC4-4A34-8F4D-5169D5B397C4}.Release|Any CPU.Build.0 = Release|Any CPU
		{CBE1C65F-37FC-432A-92D0-222693351000}.Debug|Any CPU.ActiveCfg = Debug|Any CPU
		{CBE1C65F-37FC-432A-92D0-222693351000}.Debug|Any CPU.Build.0 = Debug|Any CPU
		{CBE1C65F-37FC-432A-92D0-222693351000}.Release|Any CPU.ActiveCfg = Release|Any CPU
		{CBE1C65F-37FC-432A-92D0-222693351000}.Release|Any CPU.Build.0 = Release|Any CPU
	EndGlobalSection
	GlobalSection(SolutionProperties) = preSolution
		HideSolutionNode = FALSE
	EndGlobalSection
	GlobalSection(ExtensibilityGlobals) = postSolution
		SolutionGuid = {2EC0E10E-D057-4431-9565-CF8DE24031A7}
	EndGlobalSection
EndGlobal
